
Microsoft Visual Studio Solution File, Format Version 12.00
# Visual Studio Version 16
VisualStudioVersion = 16.0.31424.327
MinimumVisualStudioVersion = 10.0.40219.1
Project("{FAE04EC0-301F-11D3-BF4B-00C04F79EFBC}") = "Online Book Shop", "Online Book Shop\Online Book Shop.csproj", "{FC783604-734D-483F-BCCB-793F2DEB788D}"
EndProject
Global
	GlobalSection(SolutionConfigurationPlatforms) = preSolution
		Debug|Any CPU = Debug|Any CPU
		Release|Any CPU = Release|Any CPU
	EndGlobalSection
	GlobalSection(ProjectConfigurationPlatforms) = postSolution
		{FC783604-734D-483F-BCCB-793F2DEB788D}.Debug|Any CPU.ActiveCfg = Debug|Any CPU
		{FC783604-734D-483F-BCCB-793F2DEB788D}.Debug|Any CPU.Build.0 = Debug|Any CPU
		{FC783604-734D-483F-BCCB-793F2DEB788D}.Release|Any CPU.ActiveCfg = Release|Any CPU
		{FC783604-734D-483F-BCCB-793F2DEB788D}.Release|Any CPU.Build.0 = Release|Any CPU
	EndGlobalSection
	GlobalSection(SolutionProperties) = preSolution
		HideSolutionNode = FALSE
	EndGlobalSection
	GlobalSection(ExtensibilityGlobals) = postSolution
		SolutionGuid = {22D2C5FD-4E01-44E9-BBD1-E22077ECDF7B}
	EndGlobalSection
EndGlobal
